
Microsoft Visual Studio Solution File, Format Version 12.00
# Visual Studio Version 17
VisualStudioVersion = 17.5.33516.290
MinimumVisualStudioVersion = 10.0.40219.1
Project("{9A19103F-16F7-4668-BE54-9A1E7A4F7556}") = "ExerciciosAcademia", "ExerciciosAcademia\ExerciciosAcademia.csproj", "{DF635C51-D104-4FF2-B648-15F50EBCC70B}"
EndProject
Project("{9A19103F-16F7-4668-BE54-9A1E7A4F7556}") = "ExercicioPoo", "ExercicioPoo\ExercicioPoo.csproj", "{BD675087-A484-493D-AEA6-97D69F829CBD}"
EndProject
Project("{9A19103F-16F7-4668-BE54-9A1E7A4F7556}") = "ExercicioPoo02", "ExercicioPoo02\ExercicioPoo02.csproj", "{E27819B5-4D8F-4CE5-A6B0-10E157C5F415}"
EndProject
Project("{9A19103F-16F7-4668-BE54-9A1E7A4F7556}") = "ExercicioPoo03", "ExercicioPoo03\ExercicioPoo03.csproj", "{8A5FB2BD-61BD-49B2-9FCA-D619DBBDF565}"
EndProject
Project("{9A19103F-16F7-4668-BE54-9A1E7A4F7556}") = "ExercicioPooUpaSaude", "ExercicioPooUpaSaude\ExercicioPooUpaSaude.csproj", "{5F32BAF1-A830-47DF-AD81-D4AF5FBA1E0E}"
EndProject
Project("{FAE04EC0-301F-11D3-BF4B-00C04F79EFBC}") = "ExercicioPooPessoa", "ExercicioPooPessoa\ExercicioPooPessoa.csproj", "{4F1FF6A9-8BD1-4718-B74A-FEEAB3916DE4}"
EndProject
Project("{FAE04EC0-301F-11D3-BF4B-00C04F79EFBC}") = "ExercicioPooVeiculo", "ExercicioPooVeiculo\ExercicioPooVeiculo.csproj", "{BD1B6B44-E7B8-4945-B936-D5F6C68B5661}"
EndProject
Global
	GlobalSection(SolutionConfigurationPlatforms) = preSolution
		Debug|Any CPU = Debug|Any CPU
		Release|Any CPU = Release|Any CPU
	EndGlobalSection
	GlobalSection(ProjectConfigurationPlatforms) = postSolution
		{DF635C51-D104-4FF2-B648-15F50EBCC70B}.Debug|Any CPU.ActiveCfg = Debug|Any CPU
		{DF635C51-D104-4FF2-B648-15F50EBCC70B}.Debug|Any CPU.Build.0 = Debug|Any CPU
		{DF635C51-D104-4FF2-B648-15F50EBCC70B}.Release|Any CPU.ActiveCfg = Release|Any CPU
		{DF635C51-D104-4FF2-B648-15F50EBCC70B}.Release|Any CPU.Build.0 = Release|Any CPU
		{BD675087-A484-493D-AEA6-97D69F829CBD}.Debug|Any CPU.ActiveCfg = Debug|Any CPU
		{BD675087-A484-493D-AEA6-97D69F829CBD}.Debug|Any CPU.Build.0 = Debug|Any CPU
		{BD675087-A484-493D-AEA6-97D69F829CBD}.Release|Any CPU.ActiveCfg = Release|Any CPU
		{BD675087-A484-493D-AEA6-97D69F829CBD}.Release|Any CPU.Build.0 = Release|Any CPU
		{E27819B5-4D8F-4CE5-A6B0-10E157C5F415}.Debug|Any CPU.ActiveCfg = Debug|Any CPU
		{E27819B5-4D8F-4CE5-A6B0-10E157C5F415}.Debug|Any CPU.Build.0 = Debug|Any CPU
		{E27819B5-4D8F-4CE5-A6B0-10E157C5F415}.Release|Any CPU.ActiveCfg = Release|Any CPU
		{E27819B5-4D8F-4CE5-A6B0-10E157C5F415}.Release|Any CPU.Build.0 = Release|Any CPU
		{8A5FB2BD-61BD-49B2-9FCA-D619DBBDF565}.Debug|Any CPU.ActiveCfg = Debug|Any CPU
		{8A5FB2BD-61BD-49B2-9FCA-D619DBBDF565}.Debug|Any CPU.Build.0 = Debug|Any CPU
		{8A5FB2BD-61BD-49B2-9FCA-D619DBBDF565}.Release|Any CPU.ActiveCfg = Release|Any CPU
		{8A5FB2BD-61BD-49B2-9FCA-D619DBBDF565}.Release|Any CPU.Build.0 = Release|Any CPU
		{5F32BAF1-A830-47DF-AD81-D4AF5FBA1E0E}.Debug|Any CPU.ActiveCfg = Debug|Any CPU
		{5F32BAF1-A830-47DF-AD81-D4AF5FBA1E0E}.Debug|Any CPU.Build.0 = Debug|Any CPU
		{5F32BAF1-A830-47DF-AD81-D4AF5FBA1E0E}.Release|Any CPU.ActiveCfg = Release|Any CPU
		{5F32BAF1-A830-47DF-AD81-D4AF5FBA1E0E}.Release|Any CPU.Build.0 = Release|Any CPU
		{4F1FF6A9-8BD1-4718-B74A-FEEAB3916DE4}.Debug|Any CPU.ActiveCfg = Debug|Any CPU
		{4F1FF6A9-8BD1-4718-B74A-FEEAB3916DE4}.Debug|Any CPU.Build.0 = Debug|Any CPU
		{4F1FF6A9-8BD1-4718-B74A-FEEAB3916DE4}.Release|Any CPU.ActiveCfg = Release|Any CPU
		{4F1FF6A9-8BD1-4718-B74A-FEEAB3916DE4}.Release|Any CPU.Build.0 = Release|Any CPU
		{BD1B6B44-E7B8-4945-B936-D5F6C68B5661}.Debug|Any CPU.ActiveCfg = Debug|Any CPU
		{BD1B6B44-E7B8-4945-B936-D5F6C68B5661}.Debug|Any CPU.Build.0 = Debug|Any CPU
		{BD1B6B44-E7B8-4945-B936-D5F6C68B5661}.Release|Any CPU.ActiveCfg = Release|Any CPU
		{BD1B6B44-E7B8-4945-B936-D5F6C68B5661}.Release|Any CPU.Build.0 = Release|Any CPU
	EndGlobalSection
	GlobalSection(SolutionProperties) = preSolution
		HideSolutionNode = FALSE
	EndGlobalSection
	GlobalSection(ExtensibilityGlobals) = postSolution
		SolutionGuid = {93B4C582-529D-48DE-AD73-063A92B95CA2}
	EndGlobalSection
EndGlobal
